<?xml version="1.0" encoding="utf-8"?>
<Project ToolsVersion="4.0" xmlns="http://schemas.microsoft.com/developer/msbuild/2003">
  <ItemGroup>
    <Filter Include="Header Files">
      <UniqueIdentifier>{93995380-89BD-4b04-88EB-625FBE52EBFB}</UniqueIdentifier>
      <Extensions>h;hpp;hxx;hm;inl;inc;xsd</Extensions>
    </Filter>
    <Filter Include="Resource Files">
      <UniqueIdentifier>{67DA6AB6-F800-4c08-8B7A-83BB121AAD01}</UniqueIdentifier>
      <Extensions>rc;ico;cur;bmp;dlg;rc2;rct;bin;rgs;gif;jpg;jpeg;jpe;resx;tiff;tif;png;wav;mfcribbon-ms</Extensions>
    </Filter>
    <Filter Include="Source Files">
      <UniqueIdentifier>{4FC737F1-C7A5-4376-A066-2A32D752A2FF}</UniqueIdentifier>
      <Extensions>cpp;c;cc;cxx;def;odl;idl;hpj;bat;asm;asmx</Extensions>
    </Filter>
  </ItemGroup>
  <ItemGroup>
    <ClCompile Include="graphic.c">
      <Filter>Source Files</Filter>
    </ClCompile>
    <ClCompile Include="projectile_logic.c">
      <Filter>Source Files</Filter>
    </ClCompile>
    <ClCompile Include="main.c">
      <Filter>Source Files</Filter>
    </ClCompile>
    <ClCompile Include="tank_logic.c">
      <Filter>Source Files</Filter>
    </ClCompile>
    <ClCompile Include="time.c">
      <Filter>Source Files</Filter>
    </ClCompile>
    <ClCompile Include="bot.c">
      <Filter>Source Files</Filter>
    </ClCompile>
    <ClCompile Include="load_menu.c">
      <Filter>Source Files</Filter>
    </ClCompile>
    <ClCompile Include="main_menu_and_initmatrix.c">
      <Filter>Source Files</Filter>
    </ClCompile>
    <ClCompile Include="movement.c">
      <Filter>Source Files</Filter>
    </ClCompile>
    <ClCompile Include="print.c">
      <Filter>Source Files</Filter>
    </ClCompile>
    <ClCompile Include="save_menu.c">
      <Filter>Source Files</Filter>
    </ClCompile>
    <ClCompile Include="powerup.c">
      <Filter>Source Files</Filter>
    </ClCompile>
    <ClCompile Include="high_score.c">
      <Filter>Source Files</Filter>
    </ClCompile>
    <ClCompile Include="globals.c">
      <Filter>Source Files</Filter>
    </ClCompile>
    <ClCompile Include="heart.c">
      <Filter>Source Files</Filter>
    </ClCompile>
    <ClCompile Include="rand_gen.c">
      <Filter>Source Files</Filter>
    </ClCompile>
    <ClCompile Include="global_levels.c">
      <Filter>Source Files</Filter>
    </ClCompile>
    <ClCompile Include="custom_map.c">
      <Filter>Source Files</Filter>
    </ClCompile>
    <ClCompile Include="save_and_load_game.c">
      <Filter>Source Files</Filter>
    </ClCompile>
    <ClCompile Include="hard_bot.c">
      <Filter>Source Files</Filter>
    </ClCompile>
  </ItemGroup>
  <ItemGroup>
    <ClInclude Include="tank.h">
      <Filter>Header Files</Filter>
    </ClInclude>
    <ClInclude Include="level_order.h">
      <Filter>Header Files</Filter>
    </ClInclude>
  </ItemGroup>
</Project>